
Microsoft Visual Studio Solution File, Format Version 12.00
# Visual Studio Version 17
VisualStudioVersion = 17.3.32901.215
MinimumVisualStudioVersion = 10.0.40219.1
Project("{FAE04EC0-301F-11D3-BF4B-00C04F79EFBC}") = "Principi OO programiranja - OcjenskaVjezba", "Principi OO programiranja - OcjenskaVjezba\Principi OO programiranja - OcjenskaVjezba.csproj", "{79EDB4D2-B14C-4CE0-8A64-CE59CE667712}"
EndProject
Global
	GlobalSection(SolutionConfigurationPlatforms) = preSolution
		Debug|Any CPU = Debug|Any CPU
		Release|Any CPU = Release|Any CPU
	EndGlobalSection
	GlobalSection(ProjectConfigurationPlatforms) = postSolution
		{79EDB4D2-B14C-4CE0-8A64-CE59CE667712}.Debug|Any CPU.ActiveCfg = Debug|Any CPU
		{79EDB4D2-B14C-4CE0-8A64-CE59CE667712}.Debug|Any CPU.Build.0 = Debug|Any CPU
		{79EDB4D2-B14C-4CE0-8A64-CE59CE667712}.Release|Any CPU.ActiveCfg = Release|Any CPU
		{79EDB4D2-B14C-4CE0-8A64-CE59CE667712}.Release|Any CPU.Build.0 = Release|Any CPU
	EndGlobalSection
	GlobalSection(SolutionProperties) = preSolution
		HideSolutionNode = FALSE
	EndGlobalSection
	GlobalSection(ExtensibilityGlobals) = postSolution
		SolutionGuid = {B7745B38-9DB3-4D11-A8AF-DCC5ACC4C257}
	EndGlobalSection
EndGlobal
